// !$*UTF8*$!
{
	archiveVersion = 1;
	classes = {
	};
	objectVersion = 56;
	objects = {

/* Begin PBXBuildFile section */
		76D8126829366B680018C836 /* Assets.xcassets in Resources */ = {isa = PBXBuildFile; fileRef = 76D8126729366B680018C836 /* Assets.xcassets */; };
		76D8126B29366B680018C836 /* LaunchScreen.storyboard in Resources */ = {isa = PBXBuildFile; fileRef = 76D8126929366B680018C836 /* LaunchScreen.storyboard */; };
		76D8127629366B680018C836 /* jsonplaceholderTests.swift in Sources */ = {isa = PBXBuildFile; fileRef = 76D8127529366B680018C836 /* jsonplaceholderTests.swift */; };
		76D8128029366B680018C836 /* jsonplaceholderUITests.swift in Sources */ = {isa = PBXBuildFile; fileRef = 76D8127F29366B680018C836 /* jsonplaceholderUITests.swift */; };
		76D8128229366B680018C836 /* jsonplaceholderUITestsLaunchTests.swift in Sources */ = {isa = PBXBuildFile; fileRef = 76D8128129366B680018C836 /* jsonplaceholderUITestsLaunchTests.swift */; };
		76D812962937A75A0018C836 /* AppDelegate.swift in Sources */ = {isa = PBXBuildFile; fileRef = 76D812942937A75A0018C836 /* AppDelegate.swift */; };
		76D812972937A75A0018C836 /* SceneDelegate.swift in Sources */ = {isa = PBXBuildFile; fileRef = 76D812952937A75A0018C836 /* SceneDelegate.swift */; };
		76D8129C2937A7F70018C836 /* JSONPlaceholderService.swift in Sources */ = {isa = PBXBuildFile; fileRef = 76D8129B2937A7F70018C836 /* JSONPlaceholderService.swift */; };
		76D812A22937A8630018C836 /* Home.storyboard in Resources */ = {isa = PBXBuildFile; fileRef = 76D812A12937A8630018C836 /* Home.storyboard */; };
		76D812A42937A8D50018C836 /* HomeViewController.swift in Sources */ = {isa = PBXBuildFile; fileRef = 76D812A32937A8D50018C836 /* HomeViewController.swift */; };
		76D812A62937A90D0018C836 /* HomeViewModel.swift in Sources */ = {isa = PBXBuildFile; fileRef = 76D812A52937A90D0018C836 /* HomeViewModel.swift */; };
		76D812AC2937A9CD0018C836 /* PostDetailsViewController.swift in Sources */ = {isa = PBXBuildFile; fileRef = 76D812AB2937A9CD0018C836 /* PostDetailsViewController.swift */; };
		76D812AE2937A9DD0018C836 /* PostDetailsViewModel.swift in Sources */ = {isa = PBXBuildFile; fileRef = 76D812AD2937A9DD0018C836 /* PostDetailsViewModel.swift */; };
		76D812B02937A9E90018C836 /* PostDetails.storyboard in Resources */ = {isa = PBXBuildFile; fileRef = 76D812AF2937A9E90018C836 /* PostDetails.storyboard */; };
		76D812BB2937AB0E0018C836 /* PostTableViewCellViewModel.swift in Sources */ = {isa = PBXBuildFile; fileRef = 76D812BA2937AB0E0018C836 /* PostTableViewCellViewModel.swift */; };
		76D812BE2937AB270018C836 /* PostTableViewCell.swift in Sources */ = {isa = PBXBuildFile; fileRef = 76D812BC2937AB270018C836 /* PostTableViewCell.swift */; };
		76D812BF2937AB270018C836 /* PostTableViewCell.xib in Resources */ = {isa = PBXBuildFile; fileRef = 76D812BD2937AB270018C836 /* PostTableViewCell.xib */; };
		76D812C12937AB410018C836 /* PostDetailsViewModel.swift in Sources */ = {isa = PBXBuildFile; fileRef = 76D812C02937AB410018C836 /* PostDetailsViewModel.swift */; };
		76D812C42937AB4C0018C836 /* PostDetailsTableViewCell.swift in Sources */ = {isa = PBXBuildFile; fileRef = 76D812C22937AB4C0018C836 /* PostDetailsTableViewCell.swift */; };
		76D812C52937AB4C0018C836 /* PostDetailsTableViewCell.xib in Resources */ = {isa = PBXBuildFile; fileRef = 76D812C32937AB4C0018C836 /* PostDetailsTableViewCell.xib */; };
		76D812C92937ABCD0018C836 /* jsonplaceholder.xcdatamodeld in Sources */ = {isa = PBXBuildFile; fileRef = 76D812C72937ABCD0018C836 /* jsonplaceholder.xcdatamodeld */; };
		76D812CD2937AC050018C836 /* CoreDataManager.swift in Sources */ = {isa = PBXBuildFile; fileRef = 76D812CC2937AC050018C836 /* CoreDataManager.swift */; };
/* End PBXBuildFile section */

/* Begin PBXContainerItemProxy section */
		76D8127229366B680018C836 /* PBXContainerItemProxy */ = {
			isa = PBXContainerItemProxy;
			containerPortal = 76D8125029366B660018C836 /* Project object */;
			proxyType = 1;
			remoteGlobalIDString = 76D8125729366B660018C836;
			remoteInfo = jsonplaceholder;
		};
		76D8127C29366B680018C836 /* PBXContainerItemProxy */ = {
			isa = PBXContainerItemProxy;
			containerPortal = 76D8125029366B660018C836 /* Project object */;
			proxyType = 1;
			remoteGlobalIDString = 76D8125729366B660018C836;
			remoteInfo = jsonplaceholder;
		};
/* End PBXContainerItemProxy section */

/* Begin PBXFileReference section */
		76D8125829366B660018C836 /* jsonplaceholder.app */ = {isa = PBXFileReference; explicitFileType = wrapper.application; includeInIndex = 0; path = jsonplaceholder.app; sourceTree = BUILT_PRODUCTS_DIR; };
		76D8126729366B680018C836 /* Assets.xcassets */ = {isa = PBXFileReference; lastKnownFileType = folder.assetcatalog; path = Assets.xcassets; sourceTree = "<group>"; };
		76D8126A29366B680018C836 /* Base */ = {isa = PBXFileReference; lastKnownFileType = file.storyboard; name = Base; path = Base.lproj/LaunchScreen.storyboard; sourceTree = "<group>"; };
		76D8126C29366B680018C836 /* Info.plist */ = {isa = PBXFileReference; lastKnownFileType = text.plist.xml; path = Info.plist; sourceTree = "<group>"; };
		76D8127129366B680018C836 /* jsonplaceholderTests.xctest */ = {isa = PBXFileReference; explicitFileType = wrapper.cfbundle; includeInIndex = 0; path = jsonplaceholderTests.xctest; sourceTree = BUILT_PRODUCTS_DIR; };
		76D8127529366B680018C836 /* jsonplaceholderTests.swift */ = {isa = PBXFileReference; lastKnownFileType = sourcecode.swift; path = jsonplaceholderTests.swift; sourceTree = "<group>"; };
		76D8127B29366B680018C836 /* jsonplaceholderUITests.xctest */ = {isa = PBXFileReference; explicitFileType = wrapper.cfbundle; includeInIndex = 0; path = jsonplaceholderUITests.xctest; sourceTree = BUILT_PRODUCTS_DIR; };
		76D8127F29366B680018C836 /* jsonplaceholderUITests.swift */ = {isa = PBXFileReference; lastKnownFileType = sourcecode.swift; path = jsonplaceholderUITests.swift; sourceTree = "<group>"; };
		76D8128129366B680018C836 /* jsonplaceholderUITestsLaunchTests.swift */ = {isa = PBXFileReference; lastKnownFileType = sourcecode.swift; path = jsonplaceholderUITestsLaunchTests.swift; sourceTree = "<group>"; };
		76D812942937A75A0018C836 /* AppDelegate.swift */ = {isa = PBXFileReference; fileEncoding = 4; lastKnownFileType = sourcecode.swift; path = AppDelegate.swift; sourceTree = "<group>"; };
		76D812952937A75A0018C836 /* SceneDelegate.swift */ = {isa = PBXFileReference; fileEncoding = 4; lastKnownFileType = sourcecode.swift; path = SceneDelegate.swift; sourceTree = "<group>"; };
		76D8129B2937A7F70018C836 /* JSONPlaceholderService.swift */ = {isa = PBXFileReference; lastKnownFileType = sourcecode.swift; path = JSONPlaceholderService.swift; sourceTree = "<group>"; };
		76D812A12937A8630018C836 /* Home.storyboard */ = {isa = PBXFileReference; lastKnownFileType = file.storyboard; path = Home.storyboard; sourceTree = "<group>"; };
		76D812A32937A8D50018C836 /* HomeViewController.swift */ = {isa = PBXFileReference; lastKnownFileType = sourcecode.swift; path = HomeViewController.swift; sourceTree = "<group>"; };
		76D812A52937A90D0018C836 /* HomeViewModel.swift */ = {isa = PBXFileReference; lastKnownFileType = sourcecode.swift; path = HomeViewModel.swift; sourceTree = "<group>"; };
		76D812AB2937A9CD0018C836 /* PostDetailsViewController.swift */ = {isa = PBXFileReference; lastKnownFileType = sourcecode.swift; path = PostDetailsViewController.swift; sourceTree = "<group>"; };
		76D812AD2937A9DD0018C836 /* PostDetailsViewModel.swift */ = {isa = PBXFileReference; lastKnownFileType = sourcecode.swift; path = PostDetailsViewModel.swift; sourceTree = "<group>"; };
		76D812AF2937A9E90018C836 /* PostDetails.storyboard */ = {isa = PBXFileReference; lastKnownFileType = file.storyboard; path = PostDetails.storyboard; sourceTree = "<group>"; };
		76D812BA2937AB0E0018C836 /* PostTableViewCellViewModel.swift */ = {isa = PBXFileReference; lastKnownFileType = sourcecode.swift; path = PostTableViewCellViewModel.swift; sourceTree = "<group>"; };
		76D812BC2937AB270018C836 /* PostTableViewCell.swift */ = {isa = PBXFileReference; lastKnownFileType = sourcecode.swift; path = PostTableViewCell.swift; sourceTree = "<group>"; };
		76D812BD2937AB270018C836 /* PostTableViewCell.xib */ = {isa = PBXFileReference; lastKnownFileType = file.xib; path = PostTableViewCell.xib; sourceTree = "<group>"; };
		76D812C02937AB410018C836 /* PostDetailsViewModel.swift */ = {isa = PBXFileReference; lastKnownFileType = sourcecode.swift; path = PostDetailsViewModel.swift; sourceTree = "<group>"; };
		76D812C22937AB4C0018C836 /* PostDetailsTableViewCell.swift */ = {isa = PBXFileReference; lastKnownFileType = sourcecode.swift; path = PostDetailsTableViewCell.swift; sourceTree = "<group>"; };
		76D812C32937AB4C0018C836 /* PostDetailsTableViewCell.xib */ = {isa = PBXFileReference; lastKnownFileType = file.xib; path = PostDetailsTableViewCell.xib; sourceTree = "<group>"; };
		76D812C82937ABCD0018C836 /* jsonplaceholder.xcdatamodel */ = {isa = PBXFileReference; lastKnownFileType = wrapper.xcdatamodel; path = jsonplaceholder.xcdatamodel; sourceTree = "<group>"; };
		76D812CC2937AC050018C836 /* CoreDataManager.swift */ = {isa = PBXFileReference; lastKnownFileType = sourcecode.swift; path = CoreDataManager.swift; sourceTree = "<group>"; };
/* End PBXFileReference section */

/* Begin PBXFrameworksBuildPhase section */
		76D8125529366B660018C836 /* Frameworks */ = {
			isa = PBXFrameworksBuildPhase;
			buildActionMask = 2147483647;
			files = (
			);
			runOnlyForDeploymentPostprocessing = 0;
		};
		76D8126E29366B680018C836 /* Frameworks */ = {
			isa = PBXFrameworksBuildPhase;
			buildActionMask = 2147483647;
			files = (
			);
			runOnlyForDeploymentPostprocessing = 0;
		};
		76D8127829366B680018C836 /* Frameworks */ = {
			isa = PBXFrameworksBuildPhase;
			buildActionMask = 2147483647;
			files = (
			);
			runOnlyForDeploymentPostprocessing = 0;
		};
/* End PBXFrameworksBuildPhase section */

/* Begin PBXGroup section */
		76D8124F29366B660018C836 = {
			isa = PBXGroup;
			children = (
				76D8125A29366B660018C836 /* jsonplaceholder */,
				76D8127429366B680018C836 /* jsonplaceholderTests */,
				76D8127E29366B680018C836 /* jsonplaceholderUITests */,
				76D8125929366B660018C836 /* Products */,
			);
			sourceTree = "<group>";
		};
		76D8125929366B660018C836 /* Products */ = {
			isa = PBXGroup;
			children = (
				76D8125829366B660018C836 /* jsonplaceholder.app */,
				76D8127129366B680018C836 /* jsonplaceholderTests.xctest */,
				76D8127B29366B680018C836 /* jsonplaceholderUITests.xctest */,
			);
			name = Products;
			sourceTree = "<group>";
		};
		76D8125A29366B660018C836 /* jsonplaceholder */ = {
			isa = PBXGroup;
			children = (
				76D8128E2937A75A0018C836 /* Shared */,
				76D812922937A75A0018C836 /* Features */,
				76D812902937A75A0018C836 /* Resources */,
				76D8126C29366B680018C836 /* Info.plist */,
			);
			path = jsonplaceholder;
			sourceTree = "<group>";
		};
		76D8127429366B680018C836 /* jsonplaceholderTests */ = {
			isa = PBXGroup;
			children = (
				76D8127529366B680018C836 /* jsonplaceholderTests.swift */,
			);
			path = jsonplaceholderTests;
			sourceTree = "<group>";
		};
		76D8127E29366B680018C836 /* jsonplaceholderUITests */ = {
			isa = PBXGroup;
			children = (
				76D8127F29366B680018C836 /* jsonplaceholderUITests.swift */,
				76D8128129366B680018C836 /* jsonplaceholderUITestsLaunchTests.swift */,
			);
			path = jsonplaceholderUITests;
			sourceTree = "<group>";
		};
		76D8128E2937A75A0018C836 /* Shared */ = {
			isa = PBXGroup;
			children = (
				76D812992937A7E50018C836 /* Services */,
				76D8128F2937A75A0018C836 /* Data */,
			);
			path = Shared;
			sourceTree = "<group>";
		};
		76D8128F2937A75A0018C836 /* Data */ = {
			isa = PBXGroup;
			children = (
				76D812CB2937ABEF0018C836 /* CoreDataModels */,
				76D812CA2937ABEF0018C836 /* Manager */,
				76D812C62937ABCD0018C836 /* Model */,
			);
			path = Data;
			sourceTree = "<group>";
		};
		76D812902937A75A0018C836 /* Resources */ = {
			isa = PBXGroup;
			children = (
				76D812982937A78A0018C836 /* LaunchScreen */,
				76D812912937A75A0018C836 /* Images */,
			);
			path = Resources;
			sourceTree = "<group>";
		};
		76D812912937A75A0018C836 /* Images */ = {
			isa = PBXGroup;
			children = (
				76D8126729366B680018C836 /* Assets.xcassets */,
			);
			path = Images;
			sourceTree = "<group>";
		};
		76D812922937A75A0018C836 /* Features */ = {
			isa = PBXGroup;
			children = (
				76D812932937A75A0018C836 /* AppDelegate */,
				76D8129D2937A8510018C836 /* Home */,
				76D812A72937A9B10018C836 /* PostDetails */,
				76D812B12937AADF0018C836 /* TableViewCells */,
			);
			path = Features;
			sourceTree = "<group>";
		};
		76D812932937A75A0018C836 /* AppDelegate */ = {
			isa = PBXGroup;
			children = (
				76D812942937A75A0018C836 /* AppDelegate.swift */,
				76D812952937A75A0018C836 /* SceneDelegate.swift */,
			);
			path = AppDelegate;
			sourceTree = "<group>";
		};
		76D812982937A78A0018C836 /* LaunchScreen */ = {
			isa = PBXGroup;
			children = (
				76D8126929366B680018C836 /* LaunchScreen.storyboard */,
			);
			path = LaunchScreen;
			sourceTree = "<group>";
		};
		76D812992937A7E50018C836 /* Services */ = {
			isa = PBXGroup;
			children = (
				76D8129A2937A7E50018C836 /* JSONPlaceholderService */,
			);
			path = Services;
			sourceTree = "<group>";
		};
		76D8129A2937A7E50018C836 /* JSONPlaceholderService */ = {
			isa = PBXGroup;
			children = (
				76D8129B2937A7F70018C836 /* JSONPlaceholderService.swift */,
			);
			path = JSONPlaceholderService;
			sourceTree = "<group>";
		};
		76D8129D2937A8510018C836 /* Home */ = {
			isa = PBXGroup;
			children = (
				76D812A02937A8510018C836 /* Controllers */,
				76D8129E2937A8510018C836 /* Models */,
				76D8129F2937A8510018C836 /* UserInterface */,
			);
			path = Home;
			sourceTree = "<group>";
		};
		76D8129E2937A8510018C836 /* Models */ = {
			isa = PBXGroup;
			children = (
				76D812A52937A90D0018C836 /* HomeViewModel.swift */,
			);
			path = Models;
			sourceTree = "<group>";
		};
		76D8129F2937A8510018C836 /* UserInterface */ = {
			isa = PBXGroup;
			children = (
				76D812A12937A8630018C836 /* Home.storyboard */,
			);
			path = UserInterface;
			sourceTree = "<group>";
		};
		76D812A02937A8510018C836 /* Controllers */ = {
			isa = PBXGroup;
			children = (
				76D812A32937A8D50018C836 /* HomeViewController.swift */,
			);
			path = Controllers;
			sourceTree = "<group>";
		};
		76D812A72937A9B10018C836 /* PostDetails */ = {
			isa = PBXGroup;
			children = (
				76D812AA2937A9B10018C836 /* Controllers */,
				76D812A82937A9B10018C836 /* Models */,
				76D812A92937A9B10018C836 /* UserInterface */,
			);
			path = PostDetails;
			sourceTree = "<group>";
		};
		76D812A82937A9B10018C836 /* Models */ = {
			isa = PBXGroup;
			children = (
				76D812AD2937A9DD0018C836 /* PostDetailsViewModel.swift */,
			);
			path = Models;
			sourceTree = "<group>";
		};
		76D812A92937A9B10018C836 /* UserInterface */ = {
			isa = PBXGroup;
			children = (
				76D812AF2937A9E90018C836 /* PostDetails.storyboard */,
			);
			path = UserInterface;
			sourceTree = "<group>";
		};
		76D812AA2937A9B10018C836 /* Controllers */ = {
			isa = PBXGroup;
			children = (
				76D812AB2937A9CD0018C836 /* PostDetailsViewController.swift */,
			);
			path = Controllers;
			sourceTree = "<group>";
		};
		76D812B12937AADF0018C836 /* TableViewCells */ = {
			isa = PBXGroup;
			children = (
				76D812B62937AADF0018C836 /* PostTableViewCell */,
				76D812B22937AADF0018C836 /* PostDetailsTableViewCell */,
			);
			path = TableViewCells;
			sourceTree = "<group>";
		};
		76D812B22937AADF0018C836 /* PostDetailsTableViewCell */ = {
			isa = PBXGroup;
			children = (
				76D812B32937AADF0018C836 /* Model */,
				76D812B42937AADF0018C836 /* Class */,
				76D812B52937AADF0018C836 /* UserInterface */,
			);
			path = PostDetailsTableViewCell;
			sourceTree = "<group>";
		};
		76D812B32937AADF0018C836 /* Model */ = {
			isa = PBXGroup;
			children = (
				76D812C02937AB410018C836 /* PostDetailsViewModel.swift */,
			);
			path = Model;
			sourceTree = "<group>";
		};
		76D812B42937AADF0018C836 /* Class */ = {
			isa = PBXGroup;
			children = (
				76D812C22937AB4C0018C836 /* PostDetailsTableViewCell.swift */,
			);
			path = Class;
			sourceTree = "<group>";
		};
		76D812B52937AADF0018C836 /* UserInterface */ = {
			isa = PBXGroup;
			children = (
				76D812C32937AB4C0018C836 /* PostDetailsTableViewCell.xib */,
			);
			path = UserInterface;
			sourceTree = "<group>";
		};
		76D812B62937AADF0018C836 /* PostTableViewCell */ = {
			isa = PBXGroup;
			children = (
				76D812B72937AADF0018C836 /* Model */,
				76D812B82937AADF0018C836 /* Class */,
				76D812B92937AADF0018C836 /* UserInterface */,
			);
			path = PostTableViewCell;
			sourceTree = "<group>";
		};
		76D812B72937AADF0018C836 /* Model */ = {
			isa = PBXGroup;
			children = (
				76D812BA2937AB0E0018C836 /* PostTableViewCellViewModel.swift */,
			);
			path = Model;
			sourceTree = "<group>";
		};
		76D812B82937AADF0018C836 /* Class */ = {
			isa = PBXGroup;
			children = (
				76D812BC2937AB270018C836 /* PostTableViewCell.swift */,
			);
			path = Class;
			sourceTree = "<group>";
		};
		76D812B92937AADF0018C836 /* UserInterface */ = {
			isa = PBXGroup;
			children = (
				76D812BD2937AB270018C836 /* PostTableViewCell.xib */,
			);
			path = UserInterface;
			sourceTree = "<group>";
		};
		76D812C62937ABCD0018C836 /* Model */ = {
			isa = PBXGroup;
			children = (
				76D812C72937ABCD0018C836 /* jsonplaceholder.xcdatamodeld */,
			);
			path = Model;
			sourceTree = "<group>";
		};
		76D812CA2937ABEF0018C836 /* Manager */ = {
			isa = PBXGroup;
			children = (
				76D812CC2937AC050018C836 /* CoreDataManager.swift */,
			);
			path = Manager;
			sourceTree = "<group>";
		};
		76D812CB2937ABEF0018C836 /* CoreDataModels */ = {
			isa = PBXGroup;
			children = (
			);
			path = CoreDataModels;
			sourceTree = "<group>";
		};
/* End PBXGroup section */

/* Begin PBXNativeTarget section */
		76D8125729366B660018C836 /* jsonplaceholder */ = {
			isa = PBXNativeTarget;
			buildConfigurationList = 76D8128529366B680018C836 /* Build configuration list for PBXNativeTarget "jsonplaceholder" */;
			buildPhases = (
				76D8125429366B660018C836 /* Sources */,
				76D8125529366B660018C836 /* Frameworks */,
				76D8125629366B660018C836 /* Resources */,
			);
			buildRules = (
			);
			dependencies = (
			);
			name = jsonplaceholder;
			productName = jsonplaceholder;
			productReference = 76D8125829366B660018C836 /* jsonplaceholder.app */;
			productType = "com.apple.product-type.application";
		};
		76D8127029366B680018C836 /* jsonplaceholderTests */ = {
			isa = PBXNativeTarget;
			buildConfigurationList = 76D8128829366B680018C836 /* Build configuration list for PBXNativeTarget "jsonplaceholderTests" */;
			buildPhases = (
				76D8126D29366B680018C836 /* Sources */,
				76D8126E29366B680018C836 /* Frameworks */,
				76D8126F29366B680018C836 /* Resources */,
			);
			buildRules = (
			);
			dependencies = (
				76D8127329366B680018C836 /* PBXTargetDependency */,
			);
			name = jsonplaceholderTests;
			productName = jsonplaceholderTests;
			productReference = 76D8127129366B680018C836 /* jsonplaceholderTests.xctest */;
			productType = "com.apple.product-type.bundle.unit-test";
		};
		76D8127A29366B680018C836 /* jsonplaceholderUITests */ = {
			isa = PBXNativeTarget;
			buildConfigurationList = 76D8128B29366B680018C836 /* Build configuration list for PBXNativeTarget "jsonplaceholderUITests" */;
			buildPhases = (
				76D8127729366B680018C836 /* Sources */,
				76D8127829366B680018C836 /* Frameworks */,
				76D8127929366B680018C836 /* Resources */,
			);
			buildRules = (
			);
			dependencies = (
				76D8127D29366B680018C836 /* PBXTargetDependency */,
			);
			name = jsonplaceholderUITests;
			productName = jsonplaceholderUITests;
			productReference = 76D8127B29366B680018C836 /* jsonplaceholderUITests.xctest */;
			productType = "com.apple.product-type.bundle.ui-testing";
		};
/* End PBXNativeTarget section */

/* Begin PBXProject section */
		76D8125029366B660018C836 /* Project object */ = {
			isa = PBXProject;
			attributes = {
				BuildIndependentTargetsInParallel = 1;
				LastSwiftUpdateCheck = 1400;
				LastUpgradeCheck = 1400;
				TargetAttributes = {
					76D8125729366B660018C836 = {
						CreatedOnToolsVersion = 14.0.1;
					};
					76D8127029366B680018C836 = {
						CreatedOnToolsVersion = 14.0.1;
						TestTargetID = 76D8125729366B660018C836;
					};
					76D8127A29366B680018C836 = {
						CreatedOnToolsVersion = 14.0.1;
						TestTargetID = 76D8125729366B660018C836;
					};
				};
			};
			buildConfigurationList = 76D8125329366B660018C836 /* Build configuration list for PBXProject "jsonplaceholder" */;
			compatibilityVersion = "Xcode 14.0";
			developmentRegion = en;
			hasScannedForEncodings = 0;
			knownRegions = (
				en,
				Base,
			);
			mainGroup = 76D8124F29366B660018C836;
			productRefGroup = 76D8125929366B660018C836 /* Products */;
			projectDirPath = "";
			projectRoot = "";
			targets = (
				76D8125729366B660018C836 /* jsonplaceholder */,
				76D8127029366B680018C836 /* jsonplaceholderTests */,
				76D8127A29366B680018C836 /* jsonplaceholderUITests */,
			);
		};
/* End PBXProject section */

/* Begin PBXResourcesBuildPhase section */
		76D8125629366B660018C836 /* Resources */ = {
			isa = PBXResourcesBuildPhase;
			buildActionMask = 2147483647;
			files = (
				76D812A22937A8630018C836 /* Home.storyboard in Resources */,
				76D812BF2937AB270018C836 /* PostTableViewCell.xib in Resources */,
				76D812B02937A9E90018C836 /* PostDetails.storyboard in Resources */,
				76D8126B29366B680018C836 /* LaunchScreen.storyboard in Resources */,
				76D812C52937AB4C0018C836 /* PostDetailsTableViewCell.xib in Resources */,
				76D8126829366B680018C836 /* Assets.xcassets in Resources */,
			);
			runOnlyForDeploymentPostprocessing = 0;
		};
		76D8126F29366B680018C836 /* Resources */ = {
			isa = PBXResourcesBuildPhase;
			buildActionMask = 2147483647;
			files = (
			);
			runOnlyForDeploymentPostprocessing = 0;
		};
		76D8127929366B680018C836 /* Resources */ = {
			isa = PBXResourcesBuildPhase;
			buildActionMask = 2147483647;
			files = (
			);
			runOnlyForDeploymentPostprocessing = 0;
		};
/* End PBXResourcesBuildPhase section */

/* Begin PBXSourcesBuildPhase section */
		76D8125429366B660018C836 /* Sources */ = {
			isa = PBXSourcesBuildPhase;
			buildActionMask = 2147483647;
			files = (
				76D812C42937AB4C0018C836 /* PostDetailsTableViewCell.swift in Sources */,
				76D812C12937AB410018C836 /* PostDetailsViewModel.swift in Sources */,
				76D812C92937ABCD0018C836 /* jsonplaceholder.xcdatamodeld in Sources */,
				76D812A42937A8D50018C836 /* HomeViewController.swift in Sources */,
				76D812A62937A90D0018C836 /* HomeViewModel.swift in Sources */,
				76D812AC2937A9CD0018C836 /* PostDetailsViewController.swift in Sources */,
				76D812962937A75A0018C836 /* AppDelegate.swift in Sources */,
				76D812CD2937AC050018C836 /* CoreDataManager.swift in Sources */,
				76D8129C2937A7F70018C836 /* JSONPlaceholderService.swift in Sources */,
				76D812AE2937A9DD0018C836 /* PostDetailsViewModel.swift in Sources */,
				76D812BE2937AB270018C836 /* PostTableViewCell.swift in Sources */,
				76D812BB2937AB0E0018C836 /* PostTableViewCellViewModel.swift in Sources */,
				76D812972937A75A0018C836 /* SceneDelegate.swift in Sources */,
			);
			runOnlyForDeploymentPostprocessing = 0;
		};
		76D8126D29366B680018C836 /* Sources */ = {
			isa = PBXSourcesBuildPhase;
			buildActionMask = 2147483647;
			files = (
				76D8127629366B680018C836 /* jsonplaceholderTests.swift in Sources */,
			);
			runOnlyForDeploymentPostprocessing = 0;
		};
		76D8127729366B680018C836 /* Sources */ = {
			isa = PBXSourcesBuildPhase;
			buildActionMask = 2147483647;
			files = (
				76D8128229366B680018C836 /* jsonplaceholderUITestsLaunchTests.swift in Sources */,
				76D8128029366B680018C836 /* jsonplaceholderUITests.swift in Sources */,
			);
			runOnlyForDeploymentPostprocessing = 0;
		};
/* End PBXSourcesBuildPhase section */

/* Begin PBXTargetDependency section */
		76D8127329366B680018C836 /* PBXTargetDependency */ = {
			isa = PBXTargetDependency;
			target = 76D8125729366B660018C836 /* jsonplaceholder */;
			targetProxy = 76D8127229366B680018C836 /* PBXContainerItemProxy */;
		};
		76D8127D29366B680018C836 /* PBXTargetDependency */ = {
			isa = PBXTargetDependency;
			target = 76D8125729366B660018C836 /* jsonplaceholder */;
			targetProxy = 76D8127C29366B680018C836 /* PBXContainerItemProxy */;
		};
/* End PBXTargetDependency section */

/* Begin PBXVariantGroup section */
		76D8126929366B680018C836 /* LaunchScreen.storyboard */ = {
			isa = PBXVariantGroup;
			children = (
				76D8126A29366B680018C836 /* Base */,
			);
			name = LaunchScreen.storyboard;
			sourceTree = "<group>";
		};
/* End PBXVariantGroup section */

/* Begin XCBuildConfiguration section */
		76D8128329366B680018C836 /* Debug */ = {
			isa = XCBuildConfiguration;
			buildSettings = {
				ALWAYS_SEARCH_USER_PATHS = NO;
				CLANG_ANALYZER_NONNULL = YES;
				CLANG_ANALYZER_NUMBER_OBJECT_CONVERSION = YES_AGGRESSIVE;
				CLANG_CXX_LANGUAGE_STANDARD = "gnu++20";
				CLANG_ENABLE_MODULES = YES;
				CLANG_ENABLE_OBJC_ARC = YES;
				CLANG_ENABLE_OBJC_WEAK = YES;
				CLANG_WARN_BLOCK_CAPTURE_AUTORELEASING = YES;
				CLANG_WARN_BOOL_CONVERSION = YES;
				CLANG_WARN_COMMA = YES;
				CLANG_WARN_CONSTANT_CONVERSION = YES;
				CLANG_WARN_DEPRECATED_OBJC_IMPLEMENTATIONS = YES;
				CLANG_WARN_DIRECT_OBJC_ISA_USAGE = YES_ERROR;
				CLANG_WARN_DOCUMENTATION_COMMENTS = YES;
				CLANG_WARN_EMPTY_BODY = YES;
				CLANG_WARN_ENUM_CONVERSION = YES;
				CLANG_WARN_INFINITE_RECURSION = YES;
				CLANG_WARN_INT_CONVERSION = YES;
				CLANG_WARN_NON_LITERAL_NULL_CONVERSION = YES;
				CLANG_WARN_OBJC_IMPLICIT_RETAIN_SELF = YES;
				CLANG_WARN_OBJC_LITERAL_CONVERSION = YES;
				CLANG_WARN_OBJC_ROOT_CLASS = YES_ERROR;
				CLANG_WARN_QUOTED_INCLUDE_IN_FRAMEWORK_HEADER = YES;
				CLANG_WARN_RANGE_LOOP_ANALYSIS = YES;
				CLANG_WARN_STRICT_PROTOTYPES = YES;
				CLANG_WARN_SUSPICIOUS_MOVE = YES;
				CLANG_WARN_UNGUARDED_AVAILABILITY = YES_AGGRESSIVE;
				CLANG_WARN_UNREACHABLE_CODE = YES;
				CLANG_WARN__DUPLICATE_METHOD_MATCH = YES;
				COPY_PHASE_STRIP = NO;
				DEBUG_INFORMATION_FORMAT = dwarf;
				ENABLE_STRICT_OBJC_MSGSEND = YES;
				ENABLE_TESTABILITY = YES;
				GCC_C_LANGUAGE_STANDARD = gnu11;
				GCC_DYNAMIC_NO_PIC = NO;
				GCC_NO_COMMON_BLOCKS = YES;
				GCC_OPTIMIZATION_LEVEL = 0;
				GCC_PREPROCESSOR_DEFINITIONS = (
					"DEBUG=1",
					"$(inherited)",
				);
				GCC_WARN_64_TO_32_BIT_CONVERSION = YES;
				GCC_WARN_ABOUT_RETURN_TYPE = YES_ERROR;
				GCC_WARN_UNDECLARED_SELECTOR = YES;
				GCC_WARN_UNINITIALIZED_AUTOS = YES_AGGRESSIVE;
				GCC_WARN_UNUSED_FUNCTION = YES;
				GCC_WARN_UNUSED_VARIABLE = YES;
				IPHONEOS_DEPLOYMENT_TARGET = 16.0;
				MTL_ENABLE_DEBUG_INFO = INCLUDE_SOURCE;
				MTL_FAST_MATH = YES;
				ONLY_ACTIVE_ARCH = YES;
				SDKROOT = iphoneos;
				SWIFT_ACTIVE_COMPILATION_CONDITIONS = DEBUG;
				SWIFT_OPTIMIZATION_LEVEL = "-Onone";
			};
			name = Debug;
		};
		76D8128429366B680018C836 /* Release */ = {
			isa = XCBuildConfiguration;
			buildSettings = {
				ALWAYS_SEARCH_USER_PATHS = NO;
				CLANG_ANALYZER_NONNULL = YES;
				CLANG_ANALYZER_NUMBER_OBJECT_CONVERSION = YES_AGGRESSIVE;
				CLANG_CXX_LANGUAGE_STANDARD = "gnu++20";
				CLANG_ENABLE_MODULES = YES;
				CLANG_ENABLE_OBJC_ARC = YES;
				CLANG_ENABLE_OBJC_WEAK = YES;
				CLANG_WARN_BLOCK_CAPTURE_AUTORELEASING = YES;
				CLANG_WARN_BOOL_CONVERSION = YES;
				CLANG_WARN_COMMA = YES;
				CLANG_WARN_CONSTANT_CONVERSION = YES;
				CLANG_WARN_DEPRECATED_OBJC_IMPLEMENTATIONS = YES;
				CLANG_WARN_DIRECT_OBJC_ISA_USAGE = YES_ERROR;
				CLANG_WARN_DOCUMENTATION_COMMENTS = YES;
				CLANG_WARN_EMPTY_BODY = YES;
				CLANG_WARN_ENUM_CONVERSION = YES;
				CLANG_WARN_INFINITE_RECURSION = YES;
				CLANG_WARN_INT_CONVERSION = YES;
				CLANG_WARN_NON_LITERAL_NULL_CONVERSION = YES;
				CLANG_WARN_OBJC_IMPLICIT_RETAIN_SELF = YES;
				CLANG_WARN_OBJC_LITERAL_CONVERSION = YES;
				CLANG_WARN_OBJC_ROOT_CLASS = YES_ERROR;
				CLANG_WARN_QUOTED_INCLUDE_IN_FRAMEWORK_HEADER = YES;
				CLANG_WARN_RANGE_LOOP_ANALYSIS = YES;
				CLANG_WARN_STRICT_PROTOTYPES = YES;
				CLANG_WARN_SUSPICIOUS_MOVE = YES;
				CLANG_WARN_UNGUARDED_AVAILABILITY = YES_AGGRESSIVE;
				CLANG_WARN_UNREACHABLE_CODE = YES;
				CLANG_WARN__DUPLICATE_METHOD_MATCH = YES;
				COPY_PHASE_STRIP = NO;
				DEBUG_INFORMATION_FORMAT = "dwarf-with-dsym";
				ENABLE_NS_ASSERTIONS = NO;
				ENABLE_STRICT_OBJC_MSGSEND = YES;
				GCC_C_LANGUAGE_STANDARD = gnu11;
				GCC_NO_COMMON_BLOCKS = YES;
				GCC_WARN_64_TO_32_BIT_CONVERSION = YES;
				GCC_WARN_ABOUT_RETURN_TYPE = YES_ERROR;
				GCC_WARN_UNDECLARED_SELECTOR = YES;
				GCC_WARN_UNINITIALIZED_AUTOS = YES_AGGRESSIVE;
				GCC_WARN_UNUSED_FUNCTION = YES;
				GCC_WARN_UNUSED_VARIABLE = YES;
				IPHONEOS_DEPLOYMENT_TARGET = 16.0;
				MTL_ENABLE_DEBUG_INFO = NO;
				MTL_FAST_MATH = YES;
				SDKROOT = iphoneos;
				SWIFT_COMPILATION_MODE = wholemodule;
				SWIFT_OPTIMIZATION_LEVEL = "-O";
				VALIDATE_PRODUCT = YES;
			};
			name = Release;
		};
		76D8128629366B680018C836 /* Debug */ = {
			isa = XCBuildConfiguration;
			buildSettings = {
				ASSETCATALOG_COMPILER_APPICON_NAME = AppIcon;
				ASSETCATALOG_COMPILER_GLOBAL_ACCENT_COLOR_NAME = AccentColor;
				CODE_SIGN_STYLE = Automatic;
				CURRENT_PROJECT_VERSION = 1;
				DEVELOPMENT_TEAM = UU66PXPFZB;
				GENERATE_INFOPLIST_FILE = YES;
				INFOPLIST_FILE = jsonplaceholder/Info.plist;
				INFOPLIST_KEY_UIApplicationSupportsIndirectInputEvents = YES;
				INFOPLIST_KEY_UILaunchStoryboardName = LaunchScreen;
				INFOPLIST_KEY_UIMainStoryboardFile = Main;
				INFOPLIST_KEY_UISupportedInterfaceOrientations_iPad = "UIInterfaceOrientationPortrait UIInterfaceOrientationPortraitUpsideDown UIInterfaceOrientationLandscapeLeft UIInterfaceOrientationLandscapeRight";
				INFOPLIST_KEY_UISupportedInterfaceOrientations_iPhone = "UIInterfaceOrientationPortrait UIInterfaceOrientationLandscapeLeft UIInterfaceOrientationLandscapeRight";
				IPHONEOS_DEPLOYMENT_TARGET = 15.0;
				LD_RUNPATH_SEARCH_PATHS = (
					"$(inherited)",
					"@executable_path/Frameworks",
				);
				MARKETING_VERSION = 1.0;
				PRODUCT_BUNDLE_IDENTIFIER = com.danismatiaz.jsonplaceholder;
				PRODUCT_NAME = "$(TARGET_NAME)";
				SWIFT_EMIT_LOC_STRINGS = YES;
				SWIFT_VERSION = 5.0;
				TARGETED_DEVICE_FAMILY = "1,2";
			};
			name = Debug;
		};
		76D8128729366B680018C836 /* Release */ = {
			isa = XCBuildConfiguration;
			buildSettings = {
				ASSETCATALOG_COMPILER_APPICON_NAME = AppIcon;
				ASSETCATALOG_COMPILER_GLOBAL_ACCENT_COLOR_NAME = AccentColor;
				CODE_SIGN_STYLE = Automatic;
				CURRENT_PROJECT_VERSION = 1;
				DEVELOPMENT_TEAM = UU66PXPFZB;
				GENERATE_INFOPLIST_FILE = YES;
				INFOPLIST_FILE = jsonplaceholder/Info.plist;
				INFOPLIST_KEY_UIApplicationSupportsIndirectInputEvents = YES;
				INFOPLIST_KEY_UILaunchStoryboardName = LaunchScreen;
				INFOPLIST_KEY_UIMainStoryboardFile = Main;
				INFOPLIST_KEY_UISupportedInterfaceOrientations_iPad = "UIInterfaceOrientationPortrait UIInterfaceOrientationPortraitUpsideDown UIInterfaceOrientationLandscapeLeft UIInterfaceOrientationLandscapeRight";
				INFOPLIST_KEY_UISupportedInterfaceOrientations_iPhone = "UIInterfaceOrientationPortrait UIInterfaceOrientationLandscapeLeft UIInterfaceOrientationLandscapeRight";
				IPHONEOS_DEPLOYMENT_TARGET = 15.0;
				LD_RUNPATH_SEARCH_PATHS = (
					"$(inherited)",
					"@executable_path/Frameworks",
				);
				MARKETING_VERSION = 1.0;
				PRODUCT_BUNDLE_IDENTIFIER = com.danismatiaz.jsonplaceholder;
				PRODUCT_NAME = "$(TARGET_NAME)";
				SWIFT_EMIT_LOC_STRINGS = YES;
				SWIFT_VERSION = 5.0;
				TARGETED_DEVICE_FAMILY = "1,2";
			};
			name = Release;
		};
		76D8128929366B680018C836 /* Debug */ = {
			isa = XCBuildConfiguration;
			buildSettings = {
				ALWAYS_EMBED_SWIFT_STANDARD_LIBRARIES = YES;
				BUNDLE_LOADER = "$(TEST_HOST)";
				CODE_SIGN_STYLE = Automatic;
				CURRENT_PROJECT_VERSION = 1;
				DEVELOPMENT_TEAM = UU66PXPFZB;
				GENERATE_INFOPLIST_FILE = YES;
				IPHONEOS_DEPLOYMENT_TARGET = 16.0;
				MARKETING_VERSION = 1.0;
				PRODUCT_BUNDLE_IDENTIFIER = com.danismatiaz.jsonplaceholderTests;
				PRODUCT_NAME = "$(TARGET_NAME)";
				SWIFT_EMIT_LOC_STRINGS = NO;
				SWIFT_VERSION = 5.0;
				TARGETED_DEVICE_FAMILY = "1,2";
				TEST_HOST = "$(BUILT_PRODUCTS_DIR)/jsonplaceholder.app/$(BUNDLE_EXECUTABLE_FOLDER_PATH)/jsonplaceholder";
			};
			name = Debug;
		};
		76D8128A29366B680018C836 /* Release */ = {
			isa = XCBuildConfiguration;
			buildSettings = {
				ALWAYS_EMBED_SWIFT_STANDARD_LIBRARIES = YES;
				BUNDLE_LOADER = "$(TEST_HOST)";
				CODE_SIGN_STYLE = Automatic;
				CURRENT_PROJECT_VERSION = 1;
				DEVELOPMENT_TEAM = UU66PXPFZB;
				GENERATE_INFOPLIST_FILE = YES;
				IPHONEOS_DEPLOYMENT_TARGET = 16.0;
				MARKETING_VERSION = 1.0;
				PRODUCT_BUNDLE_IDENTIFIER = com.danismatiaz.jsonplaceholderTests;
				PRODUCT_NAME = "$(TARGET_NAME)";
				SWIFT_EMIT_LOC_STRINGS = NO;
				SWIFT_VERSION = 5.0;
				TARGETED_DEVICE_FAMILY = "1,2";
				TEST_HOST = "$(BUILT_PRODUCTS_DIR)/jsonplaceholder.app/$(BUNDLE_EXECUTABLE_FOLDER_PATH)/jsonplaceholder";
			};
			name = Release;
		};
		76D8128C29366B680018C836 /* Debug */ = {
			isa = XCBuildConfiguration;
			buildSettings = {
				ALWAYS_EMBED_SWIFT_STANDARD_LIBRARIES = YES;
				CODE_SIGN_STYLE = Automatic;
				CURRENT_PROJECT_VERSION = 1;
				DEVELOPMENT_TEAM = UU66PXPFZB;
				GENERATE_INFOPLIST_FILE = YES;
				MARKETING_VERSION = 1.0;
				PRODUCT_BUNDLE_IDENTIFIER = com.danismatiaz.jsonplaceholderUITests;
				PRODUCT_NAME = "$(TARGET_NAME)";
				SWIFT_EMIT_LOC_STRINGS = NO;
				SWIFT_VERSION = 5.0;
				TARGETED_DEVICE_FAMILY = "1,2";
				TEST_TARGET_NAME = jsonplaceholder;
			};
			name = Debug;
		};
		76D8128D29366B680018C836 /* Release */ = {
			isa = XCBuildConfiguration;
			buildSettings = {
				ALWAYS_EMBED_SWIFT_STANDARD_LIBRARIES = YES;
				CODE_SIGN_STYLE = Automatic;
				CURRENT_PROJECT_VERSION = 1;
				DEVELOPMENT_TEAM = UU66PXPFZB;
				GENERATE_INFOPLIST_FILE = YES;
				MARKETING_VERSION = 1.0;
				PRODUCT_BUNDLE_IDENTIFIER = com.danismatiaz.jsonplaceholderUITests;
				PRODUCT_NAME = "$(TARGET_NAME)";
				SWIFT_EMIT_LOC_STRINGS = NO;
				SWIFT_VERSION = 5.0;
				TARGETED_DEVICE_FAMILY = "1,2";
				TEST_TARGET_NAME = jsonplaceholder;
			};
			name = Release;
		};
/* End XCBuildConfiguration section */

/* Begin XCConfigurationList section */
		76D8125329366B660018C836 /* Build configuration list for PBXProject "jsonplaceholder" */ = {
			isa = XCConfigurationList;
			buildConfigurations = (
				76D8128329366B680018C836 /* Debug */,
				76D8128429366B680018C836 /* Release */,
			);
			defaultConfigurationIsVisible = 0;
			defaultConfigurationName = Release;
		};
		76D8128529366B680018C836 /* Build configuration list for PBXNativeTarget "jsonplaceholder" */ = {
			isa = XCConfigurationList;
			buildConfigurations = (
				76D8128629366B680018C836 /* Debug */,
				76D8128729366B680018C836 /* Release */,
			);
			defaultConfigurationIsVisible = 0;
			defaultConfigurationName = Release;
		};
		76D8128829366B680018C836 /* Build configuration list for PBXNativeTarget "jsonplaceholderTests" */ = {
			isa = XCConfigurationList;
			buildConfigurations = (
				76D8128929366B680018C836 /* Debug */,
				76D8128A29366B680018C836 /* Release */,
			);
			defaultConfigurationIsVisible = 0;
			defaultConfigurationName = Release;
		};
		76D8128B29366B680018C836 /* Build configuration list for PBXNativeTarget "jsonplaceholderUITests" */ = {
			isa = XCConfigurationList;
			buildConfigurations = (
				76D8128C29366B680018C836 /* Debug */,
				76D8128D29366B680018C836 /* Release */,
			);
			defaultConfigurationIsVisible = 0;
			defaultConfigurationName = Release;
		};
/* End XCConfigurationList section */

/* Begin XCVersionGroup section */
		76D812C72937ABCD0018C836 /* jsonplaceholder.xcdatamodeld */ = {
			isa = XCVersionGroup;
			children = (
				76D812C82937ABCD0018C836 /* jsonplaceholder.xcdatamodel */,
			);
			currentVersion = 76D812C82937ABCD0018C836 /* jsonplaceholder.xcdatamodel */;
			path = jsonplaceholder.xcdatamodeld;
			sourceTree = "<group>";
			versionGroupType = wrapper.xcdatamodel;
		};
/* End XCVersionGroup section */
	};
	rootObject = 76D8125029366B660018C836 /* Project object */;
}
